github.com/tych0/go-losetup v0.0.0-20170407175016-fc9adea44124 h1:68tEIQQiIEryVFTXWfoDyVWQPUXXO/CKXwK1mNCWnvo=
github.com/tych0/go-losetup v0.0.0-20170407175016-fc9adea44124/go.mod h1:cdWJrB+PcHXXfp97Gizi9FJNWfNLgO6pt4CgxWpVA5Q=
golang.org/x/sys v0.0.0-20210124154548-22da62e12c0c h1:VwygUrnw9jn88c4u8GD3rZQbqrP/tgas88tPUbBxQrk=
golang.org/x/sys v0.0.0-20210124154548-22da62e12c0c/go.mod h1:h1NjWce9XRLGQEsW7wpKNCjG9DtNlClVuFLEZdDNbEs=
