github.com/tych0/go-losetup v0.0.0-20170407175016-fc9adea44124 h1:68tEIQQiIEryVFTXWfoDyVWQPUXXO/CKXwK1mNCWnvo=
github.com/tych0/go-losetup v0.0.0-20170407175016-fc9adea44124/go.mod h1:cdWJrB+PcHXXfp97Gizi9FJNWfNLgO6pt4CgxWpVA5Q=
golang.org/x/sys v0.0.0-20201113135734-0a15ea8d9b02 h1:5Ftd3YbC/kANXWCBjvppvUmv1BMakgFcBKA7MpYYp4M=
golang.org/x/sys v0.0.0-20201113135734-0a15ea8d9b02/go.mod h1:h1NjWce9XRLGQEsW7wpKNCjG9DtNlClVuFLEZdDNbEs=
golang.org/x/sys v0.0.0-20201113233024-12cec1faf1ba h1:xmhUJGQGbxlod18iJGqVEp9cHIPLl7QiX2aA3to708s=
golang.org/x/sys v0.0.0-20201113233024-12cec1faf1ba/go.mod h1:h1NjWce9XRLGQEsW7wpKNCjG9DtNlClVuFLEZdDNbEs=
