github.com/tych0/go-losetup v0.0.0-20170407175016-fc9adea44124 h1:68tEIQQiIEryVFTXWfoDyVWQPUXXO/CKXwK1mNCWnvo=
github.com/tych0/go-losetup v0.0.0-20170407175016-fc9adea44124/go.mod h1:cdWJrB+PcHXXfp97Gizi9FJNWfNLgO6pt4CgxWpVA5Q=
golang.org/x/sys v0.0.0-20210301091718-77cc2087c03b h1:kHlr0tATeLRMEiZJu5CknOw/E8V6h69sXXQFGoPtjcc=
golang.org/x/sys v0.0.0-20210301091718-77cc2087c03b/go.mod h1:h1NjWce9XRLGQEsW7wpKNCjG9DtNlClVuFLEZdDNbEs=
